
Microsoft Visual Studio Solution File, Format Version 12.00
Project("{FAE04EC0-301F-11D3-BF4B-00C04F79EFBC}") = "DrimCity.WebApi", "DrimCity.WebApi\DrimCity.WebApi.csproj", "{148BDFCF-72C1-4F67-8E61-6EBA91173009}"
EndProject
Project("{FAE04EC0-301F-11D3-BF4B-00C04F79EFBC}") = "DrimCity.WebApi.Tests", "DrimCity.WebApi.Tests\DrimCity.WebApi.Tests.csproj", "{23AD296F-F2A6-451F-9FFC-717339497DBA}"
EndProject
Global
	GlobalSection(SolutionConfigurationPlatforms) = preSolution
		Debug|Any CPU = Debug|Any CPU
		Release|Any CPU = Release|Any CPU
	EndGlobalSection
	GlobalSection(ProjectConfigurationPlatforms) = postSolution
		{148BDFCF-72C1-4F67-8E61-6EBA91173009}.Debug|Any CPU.ActiveCfg = Debug|Any CPU
		{148BDFCF-72C1-4F67-8E61-6EBA91173009}.Debug|Any CPU.Build.0 = Debug|Any CPU
		{148BDFCF-72C1-4F67-8E61-6EBA91173009}.Release|Any CPU.ActiveCfg = Release|Any CPU
		{148BDFCF-72C1-4F67-8E61-6EBA91173009}.Release|Any CPU.Build.0 = Release|Any CPU
		{23AD296F-F2A6-451F-9FFC-717339497DBA}.Debug|Any CPU.ActiveCfg = Debug|Any CPU
		{23AD296F-F2A6-451F-9FFC-717339497DBA}.Debug|Any CPU.Build.0 = Debug|Any CPU
		{23AD296F-F2A6-451F-9FFC-717339497DBA}.Release|Any CPU.ActiveCfg = Release|Any CPU
		{23AD296F-F2A6-451F-9FFC-717339497DBA}.Release|Any CPU.Build.0 = Release|Any CPU
	EndGlobalSection
EndGlobal
