
Microsoft Visual Studio Solution File, Format Version 12.00
Project("{FAE04EC0-301F-11D3-BF4B-00C04F79EFBC}") = "DrimCity.WebApi", "DrimCity\DrimCity.WebApi\DrimCity.WebApi.csproj", "{148BDFCF-72C1-4F67-8E61-6EBA91173009}"
EndProject
Project("{FAE04EC0-301F-11D3-BF4B-00C04F79EFBC}") = "DrimCity.WebApi.Tests", "DrimCity\DrimCity.WebApi.Tests\DrimCity.WebApi.Tests.csproj", "{23AD296F-F2A6-451F-9FFC-717339497DBA}"
EndProject
Project("{2150E333-8FDC-42A3-9474-1A3956D46DE8}") = "Registry", "Registry", "{1D2A1A49-85D6-4CF4-B90B-D71EAEAE5AB1}"
EndProject
Project("{FAE04EC0-301F-11D3-BF4B-00C04F79EFBC}") = "DrimCity.Registry.HttpApi", "Registry\DrimCity.Registry.HttpApi\DrimCity.Registry.HttpApi.csproj", "{BDBCE7C4-8533-4BB3-B3C9-A4CEA4C00E86}"
EndProject
Project("{2150E333-8FDC-42A3-9474-1A3956D46DE8}") = "DrimCity", "DrimCity", "{5F4B7BB3-3F23-4142-82EC-45F888F1B707}"
EndProject
Project("{FAE04EC0-301F-11D3-BF4B-00C04F79EFBC}") = "DrimCity.Registry.HttpApi.Tests", "Registry\DrimCity.Registry.HttpApi.Tests\DrimCity.Registry.HttpApi.Tests.csproj", "{13915D44-F843-4E95-9210-3B3D426989D8}"
EndProject
Project("{2150E333-8FDC-42A3-9474-1A3956D46DE8}") = "Common", "Common", "{85126311-DCE4-4370-9922-EDC6394D12BD}"
EndProject
Project("{FAE04EC0-301F-11D3-BF4B-00C04F79EFBC}") = "Common.Tests", "Common\Common.Tests\Common.Tests.csproj", "{937289C7-12AB-4DF7-A48B-10F28FC6F4F1}"
EndProject
Project("{FAE04EC0-301F-11D3-BF4B-00C04F79EFBC}") = "Common.Tests.Database", "Common\Common.Tests.Database\Common.Tests.Database.csproj", "{6C80C552-A4E6-4AB5-9C55-8E77525418F1}"
EndProject
Project("{FAE04EC0-301F-11D3-BF4B-00C04F79EFBC}") = "Common.Tests.Http", "Common\Common.Tests.Http\Common.Tests.Http.csproj", "{4954BE88-15EA-4454-859C-FDD9CCC1CFDF}"
EndProject
Project("{FAE04EC0-301F-11D3-BF4B-00C04F79EFBC}") = "Common.Web", "Common\Common.Web\Common.Web.csproj", "{7E49E4DA-4B11-4584-9A4E-50AA6455F169}"
EndProject
Project("{2150E333-8FDC-42A3-9474-1A3956D46DE8}") = "Solution Items", "Solution Items", "{BAFAC15F-E87B-4333-8F8A-D3ACCCE195E1}"
	ProjectSection(SolutionItems) = preProject
		.editorconfig = .editorconfig
	EndProjectSection
EndProject
Global
	GlobalSection(SolutionConfigurationPlatforms) = preSolution
		Debug|Any CPU = Debug|Any CPU
		Release|Any CPU = Release|Any CPU
	EndGlobalSection
	GlobalSection(ProjectConfigurationPlatforms) = postSolution
		{148BDFCF-72C1-4F67-8E61-6EBA91173009}.Debug|Any CPU.ActiveCfg = Debug|Any CPU
		{148BDFCF-72C1-4F67-8E61-6EBA91173009}.Debug|Any CPU.Build.0 = Debug|Any CPU
		{148BDFCF-72C1-4F67-8E61-6EBA91173009}.Release|Any CPU.ActiveCfg = Release|Any CPU
		{148BDFCF-72C1-4F67-8E61-6EBA91173009}.Release|Any CPU.Build.0 = Release|Any CPU
		{23AD296F-F2A6-451F-9FFC-717339497DBA}.Debug|Any CPU.ActiveCfg = Debug|Any CPU
		{23AD296F-F2A6-451F-9FFC-717339497DBA}.Debug|Any CPU.Build.0 = Debug|Any CPU
		{23AD296F-F2A6-451F-9FFC-717339497DBA}.Release|Any CPU.ActiveCfg = Release|Any CPU
		{23AD296F-F2A6-451F-9FFC-717339497DBA}.Release|Any CPU.Build.0 = Release|Any CPU
		{BDBCE7C4-8533-4BB3-B3C9-A4CEA4C00E86}.Debug|Any CPU.ActiveCfg = Debug|Any CPU
		{BDBCE7C4-8533-4BB3-B3C9-A4CEA4C00E86}.Debug|Any CPU.Build.0 = Debug|Any CPU
		{BDBCE7C4-8533-4BB3-B3C9-A4CEA4C00E86}.Release|Any CPU.ActiveCfg = Release|Any CPU
		{BDBCE7C4-8533-4BB3-B3C9-A4CEA4C00E86}.Release|Any CPU.Build.0 = Release|Any CPU
		{13915D44-F843-4E95-9210-3B3D426989D8}.Debug|Any CPU.ActiveCfg = Debug|Any CPU
		{13915D44-F843-4E95-9210-3B3D426989D8}.Debug|Any CPU.Build.0 = Debug|Any CPU
		{13915D44-F843-4E95-9210-3B3D426989D8}.Release|Any CPU.ActiveCfg = Release|Any CPU
		{13915D44-F843-4E95-9210-3B3D426989D8}.Release|Any CPU.Build.0 = Release|Any CPU
		{937289C7-12AB-4DF7-A48B-10F28FC6F4F1}.Debug|Any CPU.ActiveCfg = Debug|Any CPU
		{937289C7-12AB-4DF7-A48B-10F28FC6F4F1}.Debug|Any CPU.Build.0 = Debug|Any CPU
		{937289C7-12AB-4DF7-A48B-10F28FC6F4F1}.Release|Any CPU.ActiveCfg = Release|Any CPU
		{937289C7-12AB-4DF7-A48B-10F28FC6F4F1}.Release|Any CPU.Build.0 = Release|Any CPU
		{6C80C552-A4E6-4AB5-9C55-8E77525418F1}.Debug|Any CPU.ActiveCfg = Debug|Any CPU
		{6C80C552-A4E6-4AB5-9C55-8E77525418F1}.Debug|Any CPU.Build.0 = Debug|Any CPU
		{6C80C552-A4E6-4AB5-9C55-8E77525418F1}.Release|Any CPU.ActiveCfg = Release|Any CPU
		{6C80C552-A4E6-4AB5-9C55-8E77525418F1}.Release|Any CPU.Build.0 = Release|Any CPU
		{4954BE88-15EA-4454-859C-FDD9CCC1CFDF}.Debug|Any CPU.ActiveCfg = Debug|Any CPU
		{4954BE88-15EA-4454-859C-FDD9CCC1CFDF}.Debug|Any CPU.Build.0 = Debug|Any CPU
		{4954BE88-15EA-4454-859C-FDD9CCC1CFDF}.Release|Any CPU.ActiveCfg = Release|Any CPU
		{4954BE88-15EA-4454-859C-FDD9CCC1CFDF}.Release|Any CPU.Build.0 = Release|Any CPU
		{7E49E4DA-4B11-4584-9A4E-50AA6455F169}.Debug|Any CPU.ActiveCfg = Debug|Any CPU
		{7E49E4DA-4B11-4584-9A4E-50AA6455F169}.Debug|Any CPU.Build.0 = Debug|Any CPU
		{7E49E4DA-4B11-4584-9A4E-50AA6455F169}.Release|Any CPU.ActiveCfg = Release|Any CPU
		{7E49E4DA-4B11-4584-9A4E-50AA6455F169}.Release|Any CPU.Build.0 = Release|Any CPU
	EndGlobalSection
	GlobalSection(NestedProjects) = preSolution
		{BDBCE7C4-8533-4BB3-B3C9-A4CEA4C00E86} = {1D2A1A49-85D6-4CF4-B90B-D71EAEAE5AB1}
		{148BDFCF-72C1-4F67-8E61-6EBA91173009} = {5F4B7BB3-3F23-4142-82EC-45F888F1B707}
		{23AD296F-F2A6-451F-9FFC-717339497DBA} = {5F4B7BB3-3F23-4142-82EC-45F888F1B707}
		{13915D44-F843-4E95-9210-3B3D426989D8} = {1D2A1A49-85D6-4CF4-B90B-D71EAEAE5AB1}
		{937289C7-12AB-4DF7-A48B-10F28FC6F4F1} = {85126311-DCE4-4370-9922-EDC6394D12BD}
		{6C80C552-A4E6-4AB5-9C55-8E77525418F1} = {85126311-DCE4-4370-9922-EDC6394D12BD}
		{4954BE88-15EA-4454-859C-FDD9CCC1CFDF} = {85126311-DCE4-4370-9922-EDC6394D12BD}
		{7E49E4DA-4B11-4584-9A4E-50AA6455F169} = {85126311-DCE4-4370-9922-EDC6394D12BD}
	EndGlobalSection
EndGlobal
